
Microsoft Visual Studio Solution File, Format Version 12.00
# Visual Studio Version 17
VisualStudioVersion = 17.14.36327.8 d17.14
MinimumVisualStudioVersion = 10.0.40219.1
Project("{FAE04EC0-301F-11D3-BF4B-00C04F79EFBC}") = "CalculadoraTemperaturaEris", "CalculadoraTemperaturaEris\CalculadoraTemperaturaEris.csproj", "{252ADB18-14C6-4FD4-8760-2C3A2F2B1C1E}"
EndProject
Global
	GlobalSection(SolutionConfigurationPlatforms) = preSolution
		Debug|Any CPU = Debug|Any CPU
		Release|Any CPU = Release|Any CPU
	EndGlobalSection
	GlobalSection(ProjectConfigurationPlatforms) = postSolution
		{252ADB18-14C6-4FD4-8760-2C3A2F2B1C1E}.Debug|Any CPU.ActiveCfg = Debug|Any CPU
		{252ADB18-14C6-4FD4-8760-2C3A2F2B1C1E}.Debug|Any CPU.Build.0 = Debug|Any CPU
		{252ADB18-14C6-4FD4-8760-2C3A2F2B1C1E}.Release|Any CPU.ActiveCfg = Release|Any CPU
		{252ADB18-14C6-4FD4-8760-2C3A2F2B1C1E}.Release|Any CPU.Build.0 = Release|Any CPU
	EndGlobalSection
	GlobalSection(SolutionProperties) = preSolution
		HideSolutionNode = FALSE
	EndGlobalSection
	GlobalSection(ExtensibilityGlobals) = postSolution
		SolutionGuid = {CE69A816-C542-462B-8F8A-502F35DAFA5C}
	EndGlobalSection
EndGlobal
